<?xml version="1.0" encoding="utf-8"?>
<Project ToolsVersion="4.0" xmlns="http://schemas.microsoft.com/developer/msbuild/2003">
  <ItemGroup>
    <Filter Include="Include">
      <UniqueIdentifier>{22e7a412-1614-4440-8429-24f9026e4bf1}</UniqueIdentifier>
    </Filter>
    <Filter Include="Include\SA2 Mod Loader">
      <UniqueIdentifier>{3ef73739-5924-44d2-a13c-756ae7141cad}</UniqueIdentifier>
    </Filter>
    <Filter Include="Include\Mod Loader Common">
      <UniqueIdentifier>{f04f8c07-12b5-4a9e-9e9f-af90212fc663}</UniqueIdentifier>
    </Filter>
    <Filter Include="Mod">
      <UniqueIdentifier>{63a35a43-9f88-4387-9f26-7e41fd9e713e}</UniqueIdentifier>
    </Filter>
    <Filter Include="Mod\Config">
      <UniqueIdentifier>{2191d4ab-b58c-4783-9f47-b2087da9ed37}</UniqueIdentifier>
    </Filter>
    <Filter Include="Mod\Compatibility">
      <UniqueIdentifier>{48fe3cf6-8f45-4681-90e1-8195745bdff1}</UniqueIdentifier>
    </Filter>
    <Filter Include="Mod\Font Setup">
      <UniqueIdentifier>{00195b1c-7d3d-48d9-9dd7-0369babdee60}</UniqueIdentifier>
    </Filter>
    <Filter Include="Mod\File Loading">
      <UniqueIdentifier>{425ffbfc-83eb-49bf-9a56-7aaa7d105e61}</UniqueIdentifier>
    </Filter>
    <Filter Include="Mod\Text">
      <UniqueIdentifier>{dec5846f-2f80-4fee-9dd8-1f8db3e2b299}</UniqueIdentifier>
    </Filter>
    <Filter Include="Mod\Anti-Piracy">
      <UniqueIdentifier>{55534405-55bc-47b9-864a-741a7e1c8687}</UniqueIdentifier>
    </Filter>
    <Filter Include="Include\libmodutils">
      <UniqueIdentifier>{8f187fdc-83b7-48dd-a546-25a060e9f9d4}</UniqueIdentifier>
    </Filter>
  </ItemGroup>
  <ItemGroup>
    <ClInclude Include="Include\SA2 Mod Loader\magic.h">
      <Filter>Include\SA2 Mod Loader</Filter>
    </ClInclude>
    <ClInclude Include="Include\SA2 Mod Loader\MemAccess.h">
      <Filter>Include\SA2 Mod Loader</Filter>
    </ClInclude>
    <ClInclude Include="Include\SA2 Mod Loader\ninja.h">
      <Filter>Include\SA2 Mod Loader</Filter>
    </ClInclude>
    <ClInclude Include="Include\SA2 Mod Loader\njdef.h">
      <Filter>Include\SA2 Mod Loader</Filter>
    </ClInclude>
    <ClInclude Include="Include\SA2 Mod Loader\SA2Enums.h">
      <Filter>Include\SA2 Mod Loader</Filter>
    </ClInclude>
    <ClInclude Include="Include\SA2 Mod Loader\SA2Functions.h">
      <Filter>Include\SA2 Mod Loader</Filter>
    </ClInclude>
    <ClInclude Include="Include\SA2 Mod Loader\SA2ModInfo.h">
      <Filter>Include\SA2 Mod Loader</Filter>
    </ClInclude>
    <ClInclude Include="Include\SA2 Mod Loader\SA2ModLoader.h">
      <Filter>Include\SA2 Mod Loader</Filter>
    </ClInclude>
    <ClInclude Include="Include\SA2 Mod Loader\SA2Structs.h">
      <Filter>Include\SA2 Mod Loader</Filter>
    </ClInclude>
    <ClInclude Include="Include\SA2 Mod Loader\SA2Variables.h">
      <Filter>Include\SA2 Mod Loader</Filter>
    </ClInclude>
    <ClInclude Include="Include\Mod Loader Common\IniFile.hpp">
      <Filter>Include\Mod Loader Common</Filter>
    </ClInclude>
    <ClInclude Include="Include\Mod Loader Common\TextConv.hpp">
      <Filter>Include\Mod Loader Common</Filter>
    </ClInclude>
    <ClInclude Include="Include\Mod Loader Common\Utils.hpp">
      <Filter>Include\Mod Loader Common</Filter>
    </ClInclude>
    <ClInclude Include="framework.h" />
    <ClInclude Include="pch.h" />
    <ClInclude Include="Mod\Config\Config.h">
      <Filter>Mod\Config</Filter>
    </ClInclude>
    <ClInclude Include="Mod\Compatibility\OtherMods.h">
      <Filter>Mod\Compatibility</Filter>
    </ClInclude>
    <ClInclude Include="Mod\Font Setup\FontSetup.h">
      <Filter>Mod\Font Setup</Filter>
    </ClInclude>
    <ClInclude Include="Mod\File Loading\LoadFiles.h">
      <Filter>Mod\File Loading</Filter>
    </ClInclude>
    <ClInclude Include="Mod\Text\ExeText.h">
      <Filter>Mod\Text</Filter>
    </ClInclude>
    <ClInclude Include="Include\libmodutils\LandTableInfo.h">
      <Filter>Include\libmodutils</Filter>
    </ClInclude>
    <ClInclude Include="Mod\Anti-Piracy\CannonsCoreEggman.h">
      <Filter>Mod\Anti-Piracy</Filter>
    </ClInclude>
    <ClInclude Include="Mod\Text\ExeText_Kudos.h">
      <Filter>Mod\Text</Filter>
    </ClInclude>
    <ClInclude Include="Mod\Text\ExeText_Vector.h">
      <Filter>Mod\Text</Filter>
    </ClInclude>
  </ItemGroup>
  <ItemGroup>
    <ClCompile Include="Include\Mod Loader Common\IniFile.cpp">
      <Filter>Include\Mod Loader Common</Filter>
    </ClCompile>
    <ClCompile Include="Include\Mod Loader Common\TextConv.cpp">
      <Filter>Include\Mod Loader Common</Filter>
    </ClCompile>
    <ClCompile Include="dllmain.cpp" />
    <ClCompile Include="pch.cpp" />
    <ClCompile Include="Mod\Config\Config.cpp">
      <Filter>Mod\Config</Filter>
    </ClCompile>
    <ClCompile Include="Mod\Compatibility\OtherMods.cpp">
      <Filter>Mod\Compatibility</Filter>
    </ClCompile>
    <ClCompile Include="Mod\Font Setup\FontSetup.cpp">
      <Filter>Mod\Font Setup</Filter>
    </ClCompile>
    <ClCompile Include="Mod\File Loading\LoadFiles.cpp">
      <Filter>Mod\File Loading</Filter>
    </ClCompile>
    <ClCompile Include="Mod\Text\ExeText.cpp">
      <Filter>Mod\Text</Filter>
    </ClCompile>
    <ClCompile Include="Mod\Main.cpp">
      <Filter>Mod</Filter>
    </ClCompile>
    <ClCompile Include="Include\libmodutils\LandTableInfo.cpp">
      <Filter>Include\libmodutils</Filter>
    </ClCompile>
    <ClCompile Include="Mod\Anti-Piracy\CannonsCoreEggman.cpp">
      <Filter>Mod\Anti-Piracy</Filter>
    </ClCompile>
  </ItemGroup>
</Project>